{
  "version": 4,
  "terraform_version": "1.5.4",
  "serial": 4,
  "lineage": "74272a7e-c47d-ed63-deb4-04b19fed0f32",
  "outputs": {},
  "resources": [
    {
      "mode": "managed",
      "type": "local_file",
      "name": "sample-res",
      "provider": "provider[\"registry.terraform.io/hashicorp/local\"]",
      "instances": [
        {
          "schema_version": 0,
          "attributes": {
            "content": "I hate terraform",
            "content_base64": null,
            "content_base64sha256": "2KGtv/ehW4PW+3picNUK1v3IMRDQg0tgqgDGg5eTRhU=",
            "content_base64sha512": "MSGRka8Dz8VcnupweYl5nv51YJqdfuyi/iZXqDv6PRikwWFZZpsPHjLxSlgnkSh2drNcfE6E+I4SKZs0rcQsYw==",
            "content_md5": "03d8ba39ac3e84644022e1e89ce4435f",
            "content_sha1": "5c86cdac8b51aa91ade39acffba840dbdd2ea421",
            "content_sha256": "d8a1adbff7a15b83d6fb7a6270d50ad6fdc83110d0834b60aa00c68397934615",
            "content_sha512": "31219191af03cfc55c9eea707989799efe75609a9d7eeca2fe2657a83bfa3d18a4c16159669b0f1e32f14a582791287676b35c7c4e84f88e12299b34adc42c63",
            "directory_permission": "0777",
            "file_permission": "0777",
            "filename": "sample1.txt",
            "id": "5c86cdac8b51aa91ade39acffba840dbdd2ea421",
            "sensitive_content": null,
            "source": null
          },
          "sensitive_attributes": []
        }
      ]
    }
  ],
  "check_results": null
}
