{
  "version": 4,
  "terraform_version": "1.5.4",
  "serial": 1,
  "lineage": "2bad5685-ddcc-bbbd-da60-a79ac61e9747",
  "outputs": {},
  "resources": [
    {
      "mode": "managed",
      "type": "local_file",
      "name": "cat-res",
      "provider": "provider[\"registry.terraform.io/hashicorp/local\"]",
      "instances": [
        {
          "schema_version": 0,
          "attributes": {
            "content": " I love cats.",
            "content_base64": null,
            "content_base64sha256": "6icwMTZ8HLpAhvKxzv1I4X7cJkJsadW8hs/XNsuEhM8=",
            "content_base64sha512": "glQYnp7skT29S4YdGYSb0Cb4NGZSeA+SHZqljCC54xN9Ztqog0+C+D3w3iNeHANzjapVfz/4m1m5FX43NU40MA==",
            "content_md5": "c83f50edd7cadf56292a398e1abc8926",
            "content_sha1": "d411ffb1500100283c2b60e3f7e505c836b56169",
            "content_sha256": "ea273031367c1cba4086f2b1cefd48e17edc26426c69d5bc86cfd736cb8484cf",
            "content_sha512": "8254189e9eec913dbd4b861d19849bd026f8346652780f921d9aa58c20b9e3137d66daa8834f82f83df0de235e1c03738daa557f3ff89b59b9157e37354e3430",
            "directory_permission": "0777",
            "file_permission": "0777",
            "filename": "cat.txt",
            "id": "d411ffb1500100283c2b60e3f7e505c836b56169",
            "sensitive_content": null,
            "source": null
          },
          "sensitive_attributes": []
        }
      ]
    },
    {
      "mode": "managed",
      "type": "local_file",
      "name": "dog-res",
      "provider": "provider[\"registry.terraform.io/hashicorp/local\"]",
      "instances": [
        {
          "schema_version": 0,
          "attributes": {
            "content": " I love dogs.",
            "content_base64": null,
            "content_base64sha256": "RZoj9Zu/Cmx47s6nADX6XYOMzRCzVMCeVIqHnL4DwLY=",
            "content_base64sha512": "83RWo2sLKH2uYOSPr7H/35NhRXhnZLH+srO+vI9oWWa5Wa/yLckM406gLg7FOm7HlVkN76W3EcjwCZ3APfijaQ==",
            "content_md5": "c7c354f28d60f66707de6177ce7bb25d",
            "content_sha1": "780d1465646ff14f2e8a0f4ba65e18736a86e3e6",
            "content_sha256": "459a23f59bbf0a6c78eecea70035fa5d838ccd10b354c09e548a879cbe03c0b6",
            "content_sha512": "f37456a36b0b287dae60e48fafb1ffdf936145786764b1feb2b3bebc8f685966b959aff22dc90ce34ea02e0ec53a6ec795590defa5b711c8f0099dc03df8a369",
            "directory_permission": "0777",
            "file_permission": "0777",
            "filename": "dog.txt",
            "id": "780d1465646ff14f2e8a0f4ba65e18736a86e3e6",
            "sensitive_content": null,
            "source": null
          },
          "sensitive_attributes": []
        }
      ]
    }
  ],
  "check_results": null
}
