{
  "version": 4,
  "terraform_version": "1.5.4",
  "serial": 1,
  "lineage": "d5134746-4d94-ded3-063a-21110250871f",
  "outputs": {},
  "resources": [
    {
      "mode": "managed",
      "type": "local_file",
      "name": "sample-res",
      "provider": "provider[\"registry.terraform.io/hashicorp/local\"]",
      "instances": [
        {
          "schema_version": 0,
          "attributes": {
            "content": " I love terraform.",
            "content_base64": null,
            "content_base64sha256": "dsMZoFHyDnWdKUbkSqJookoogUgOE4P63JD0FRK1TRc=",
            "content_base64sha512": "Piah7Fxd3BeONtfa/TGNW4rZSWindXF7ZzcIb2i40QYO/EY2kY3b0zFbZhs/dvuGQLYXpGRPmVjEVR2r6/5AjQ==",
            "content_md5": "1425684fc8c37118825f9fe37b188662",
            "content_sha1": "0e4b84fd4fac80b7a6fe20637fae18074e87a738",
            "content_sha256": "76c319a051f20e759d2946e44aa268a24a2881480e1383fadc90f41512b54d17",
            "content_sha512": "3e26a1ec5c5ddc178e36d7dafd318d5b8ad94968a775717b6737086f68b8d1060efc4636918ddbd3315b661b3f76fb8640b617a4644f9958c4551dabebfe408d",
            "directory_permission": "0777",
            "file_permission": "0777",
            "filename": "sample.txt",
            "id": "0e4b84fd4fac80b7a6fe20637fae18074e87a738",
            "sensitive_content": null,
            "source": null
          },
          "sensitive_attributes": []
        }
      ]
    }
  ],
  "check_results": null
}
